PODS:
  - AsyncDisplayKit (1.2.3):
    - AsyncDisplayKit/ASDealloc2MainObject (= 1.2.3)
  - AsyncDisplayKit/ASDealloc2MainObject (1.2.3)
  - FLAnimatedImage (1.0.8)
  - ReactiveCocoa (2.4.7):
    - ReactiveCocoa/UI (= 2.4.7)
  - ReactiveCocoa/Core (2.4.7):
    - ReactiveCocoa/no-arc
  - ReactiveCocoa/no-arc (2.4.7)
  - ReactiveCocoa/UI (2.4.7):
    - ReactiveCocoa/Core

DEPENDENCIES:
  - AsyncDisplayKit
  - FLAnimatedImage
  - ReactiveCocoa (= 2.4.7)

SPEC CHECKSUMS:
  AsyncDisplayKit: 5c8f38225f7478e39c48196cec0dd0d2ac3455ed
  FLAnimatedImage: f9422f796135aff80d8c00b2afc48015bb746e24
  ReactiveCocoa: eb38dee0a0e698f73a9b25e5c1faea2bb4c79240

COCOAPODS: 0.38.2
