// !$*UTF8*$!
{
	archiveVersion = 1;
	classes = {
	};
	objectVersion = 46;
	objects = {

/* Begin PBXBuildFile section */
		6335A9901B4CD53C001DD64E /* PCUVoiceMessageCell.h in Headers */ = {isa = PBXBuildFile; fileRef = 6335A98E1B4CD53C001DD64E /* PCUVoiceMessageCell.h */; };
		6335A9911B4CD53C001DD64E /* PCUVoiceMessageCell.m in Sources */ = {isa = PBXBuildFile; fileRef = 6335A98F1B4CD53C001DD64E /* PCUVoiceMessageCell.m */; };
		6335A9941B4CD540001DD64E /* PCUVoiceMessageItemInteractor.h in Headers */ = {isa = PBXBuildFile; fileRef = 6335A9921B4CD540001DD64E /* PCUVoiceMessageItemInteractor.h */; };
		6335A9951B4CD540001DD64E /* PCUVoiceMessageItemInteractor.m in Sources */ = {isa = PBXBuildFile; fileRef = 6335A9931B4CD540001DD64E /* PCUVoiceMessageItemInteractor.m */; };
		6335A9981B4CD54A001DD64E /* PCUVoiceMessageEntity.h in Headers */ = {isa = PBXBuildFile; fileRef = 6335A9961B4CD54A001DD64E /* PCUVoiceMessageEntity.h */; settings = {ATTRIBUTES = (Public, ); }; };
		6335A9991B4CD54A001DD64E /* PCUVoiceMessageEntity.m in Sources */ = {isa = PBXBuildFile; fileRef = 6335A9971B4CD54A001DD64E /* PCUVoiceMessageEntity.m */; };
		6388BDC51B4A7A3300F1D4B9 /* main.m in Sources */ = {isa = PBXBuildFile; fileRef = 6388BDC41B4A7A3300F1D4B9 /* main.m */; };
		6388BDC81B4A7A3300F1D4B9 /* AppDelegate.m in Sources */ = {isa = PBXBuildFile; fileRef = 6388BDC71B4A7A3300F1D4B9 /* AppDelegate.m */; };
		6388BDCB1B4A7A3300F1D4B9 /* ViewController.m in Sources */ = {isa = PBXBuildFile; fileRef = 6388BDCA1B4A7A3300F1D4B9 /* ViewController.m */; };
		6388BDCE1B4A7A3300F1D4B9 /* Main.storyboard in Resources */ = {isa = PBXBuildFile; fileRef = 6388BDCC1B4A7A3300F1D4B9 /* Main.storyboard */; };
		6388BDD01B4A7A3300F1D4B9 /* Images.xcassets in Resources */ = {isa = PBXBuildFile; fileRef = 6388BDCF1B4A7A3300F1D4B9 /* Images.xcassets */; };
		6388BDD31B4A7A3300F1D4B9 /* LaunchScreen.xib in Resources */ = {isa = PBXBuildFile; fileRef = 6388BDD11B4A7A3300F1D4B9 /* LaunchScreen.xib */; };
		6388BDDF1B4A7A3300F1D4B9 /* PonyChatUIV2Tests.m in Sources */ = {isa = PBXBuildFile; fileRef = 6388BDDE1B4A7A3300F1D4B9 /* PonyChatUIV2Tests.m */; };
		6388BE431B4A7C5C00F1D4B9 /* PonyChatUI.h in Headers */ = {isa = PBXBuildFile; fileRef = 6388BE421B4A7C5C00F1D4B9 /* PonyChatUI.h */; settings = {ATTRIBUTES = (Public, ); }; };
		6388BE491B4A7C5C00F1D4B9 /* PonyChatUI.framework in Frameworks */ = {isa = PBXBuildFile; fileRef = 6388BE3E1B4A7C5C00F1D4B9 /* PonyChatUI.framework */; };
		6388BE521B4A7C5C00F1D4B9 /* PonyChatUITests.m in Sources */ = {isa = PBXBuildFile; fileRef = 6388BE511B4A7C5C00F1D4B9 /* PonyChatUITests.m */; };
		6388BE561B4A7C5C00F1D4B9 /* PonyChatUI.framework in Embed Frameworks */ = {isa = PBXBuildFile; fileRef = 6388BE3E1B4A7C5C00F1D4B9 /* PonyChatUI.framework */; settings = {ATTRIBUTES = (CodeSignOnCopy, RemoveHeadersOnCopy, ); }; };
		6388BE651B4A7DB600F1D4B9 /* PonyChatUI.framework in Frameworks */ = {isa = PBXBuildFile; fileRef = 6388BE3E1B4A7C5C00F1D4B9 /* PonyChatUI.framework */; };
		6388BE6B1B4A819500F1D4B9 /* PCUCore.h in Headers */ = {isa = PBXBuildFile; fileRef = 6388BE671B4A819500F1D4B9 /* PCUCore.h */; settings = {ATTRIBUTES = (Public, ); }; };
		6388BE6C1B4A819500F1D4B9 /* PCUCore.m in Sources */ = {isa = PBXBuildFile; fileRef = 6388BE681B4A819500F1D4B9 /* PCUCore.m */; };
		6388BE711B4A829200F1D4B9 /* PCUMessageEntity.h in Headers */ = {isa = PBXBuildFile; fileRef = 6388BE6F1B4A829200F1D4B9 /* PCUMessageEntity.h */; settings = {ATTRIBUTES = (Public, ); }; };
		6388BE721B4A829200F1D4B9 /* PCUMessageEntity.m in Sources */ = {isa = PBXBuildFile; fileRef = 6388BE701B4A829200F1D4B9 /* PCUMessageEntity.m */; };
		6388BE751B4A82A400F1D4B9 /* PCUMessageManager.h in Headers */ = {isa = PBXBuildFile; fileRef = 6388BE731B4A82A400F1D4B9 /* PCUMessageManager.h */; settings = {ATTRIBUTES = (Public, ); }; };
		6388BE761B4A82A400F1D4B9 /* PCUMessageManager.m in Sources */ = {isa = PBXBuildFile; fileRef = 6388BE741B4A82A400F1D4B9 /* PCUMessageManager.m */; };
		6388BE791B4A83A800F1D4B9 /* PCUTextMessageEntity.h in Headers */ = {isa = PBXBuildFile; fileRef = 6388BE771B4A83A800F1D4B9 /* PCUTextMessageEntity.h */; settings = {ATTRIBUTES = (Public, ); }; };
		6388BE7A1B4A83A800F1D4B9 /* PCUTextMessageEntity.m in Sources */ = {isa = PBXBuildFile; fileRef = 6388BE781B4A83A800F1D4B9 /* PCUTextMessageEntity.m */; };
		6388BE811B4A8D9B00F1D4B9 /* PCUWireframe.h in Headers */ = {isa = PBXBuildFile; fileRef = 6388BE7F1B4A8D9B00F1D4B9 /* PCUWireframe.h */; settings = {ATTRIBUTES = (Public, ); }; };
		6388BE821B4A8D9B00F1D4B9 /* PCUWireframe.m in Sources */ = {isa = PBXBuildFile; fileRef = 6388BE801B4A8D9B00F1D4B9 /* PCUWireframe.m */; };
		6388BE851B4A8E1F00F1D4B9 /* PCUMainViewController.h in Headers */ = {isa = PBXBuildFile; fileRef = 6388BE831B4A8E1F00F1D4B9 /* PCUMainViewController.h */; };
		6388BE861B4A8E1F00F1D4B9 /* PCUMainViewController.m in Sources */ = {isa = PBXBuildFile; fileRef = 6388BE841B4A8E1F00F1D4B9 /* PCUMainViewController.m */; };
		6388BE891B4B6EFB00F1D4B9 /* PCUMessageCell.h in Headers */ = {isa = PBXBuildFile; fileRef = 6388BE871B4B6EFA00F1D4B9 /* PCUMessageCell.h */; };
		6388BE8A1B4B6EFB00F1D4B9 /* PCUMessageCell.m in Sources */ = {isa = PBXBuildFile; fileRef = 6388BE881B4B6EFB00F1D4B9 /* PCUMessageCell.m */; };
		6388BE8D1B4B727400F1D4B9 /* PCUTextMessageCell.h in Headers */ = {isa = PBXBuildFile; fileRef = 6388BE8B1B4B727400F1D4B9 /* PCUTextMessageCell.h */; };
		6388BE8E1B4B727400F1D4B9 /* PCUTextMessageCell.m in Sources */ = {isa = PBXBuildFile; fileRef = 6388BE8C1B4B727400F1D4B9 /* PCUTextMessageCell.m */; };
		6388BE911B4B741500F1D4B9 /* PCUMessageItemInteractor.h in Headers */ = {isa = PBXBuildFile; fileRef = 6388BE8F1B4B741500F1D4B9 /* PCUMessageItemInteractor.h */; };
		6388BE921B4B741500F1D4B9 /* PCUMessageItemInteractor.m in Sources */ = {isa = PBXBuildFile; fileRef = 6388BE901B4B741500F1D4B9 /* PCUMessageItemInteractor.m */; };
		6388BE951B4B743500F1D4B9 /* PCUMessageInteractor.h in Headers */ = {isa = PBXBuildFile; fileRef = 6388BE931B4B743500F1D4B9 /* PCUMessageInteractor.h */; };
		6388BE961B4B743500F1D4B9 /* PCUMessageInteractor.m in Sources */ = {isa = PBXBuildFile; fileRef = 6388BE941B4B743500F1D4B9 /* PCUMessageInteractor.m */; };
		6388BE991B4B748F00F1D4B9 /* PCUMainPresenter.h in Headers */ = {isa = PBXBuildFile; fileRef = 6388BE971B4B748F00F1D4B9 /* PCUMainPresenter.h */; };
		6388BE9A1B4B748F00F1D4B9 /* PCUMainPresenter.m in Sources */ = {isa = PBXBuildFile; fileRef = 6388BE981B4B748F00F1D4B9 /* PCUMainPresenter.m */; };
		6388BE9D1B4B7ED800F1D4B9 /* PCUTextMessageItemInteractor.h in Headers */ = {isa = PBXBuildFile; fileRef = 6388BE9B1B4B7ED800F1D4B9 /* PCUTextMessageItemInteractor.h */; };
		6388BE9E1B4B7ED800F1D4B9 /* PCUTextMessageItemInteractor.m in Sources */ = {isa = PBXBuildFile; fileRef = 6388BE9C1B4B7ED800F1D4B9 /* PCUTextMessageItemInteractor.m */; };
		6388BEA11B4B86A900F1D4B9 /* PonyChatUI.xcassets in Resources */ = {isa = PBXBuildFile; fileRef = 6388BEA01B4B86A900F1D4B9 /* PonyChatUI.xcassets */; };
		6388BEA21B4B8ACE00F1D4B9 /* PonyChatUI.xcassets in Resources */ = {isa = PBXBuildFile; fileRef = 6388BEA01B4B86A900F1D4B9 /* PonyChatUI.xcassets */; };
		6396A4951B4BDA0E00C2903E /* PCUImageMessageEntity.h in Headers */ = {isa = PBXBuildFile; fileRef = 6396A4931B4BDA0E00C2903E /* PCUImageMessageEntity.h */; settings = {ATTRIBUTES = (Public, ); }; };
		6396A4961B4BDA0E00C2903E /* PCUImageMessageEntity.m in Sources */ = {isa = PBXBuildFile; fileRef = 6396A4941B4BDA0E00C2903E /* PCUImageMessageEntity.m */; };
		6396A4991B4BDA6C00C2903E /* PCUImageMessageItemInteractor.h in Headers */ = {isa = PBXBuildFile; fileRef = 6396A4971B4BDA6C00C2903E /* PCUImageMessageItemInteractor.h */; };
		6396A49A1B4BDA6C00C2903E /* PCUImageMessageItemInteractor.m in Sources */ = {isa = PBXBuildFile; fileRef = 6396A4981B4BDA6C00C2903E /* PCUImageMessageItemInteractor.m */; };
		6396A49D1B4BDADA00C2903E /* PCUImageMessageCell.h in Headers */ = {isa = PBXBuildFile; fileRef = 6396A49B1B4BDADA00C2903E /* PCUImageMessageCell.h */; };
		6396A49E1B4BDADA00C2903E /* PCUImageMessageCell.m in Sources */ = {isa = PBXBuildFile; fileRef = 6396A49C1B4BDADA00C2903E /* PCUImageMessageCell.m */; };
		6399E4B81B4BCD4C00906EEC /* PCUSystemMessageEntity.h in Headers */ = {isa = PBXBuildFile; fileRef = 6399E4B61B4BCD4C00906EEC /* PCUSystemMessageEntity.h */; settings = {ATTRIBUTES = (Public, ); }; };
		6399E4B91B4BCD4C00906EEC /* PCUSystemMessageEntity.m in Sources */ = {isa = PBXBuildFile; fileRef = 6399E4B71B4BCD4C00906EEC /* PCUSystemMessageEntity.m */; };
		6399E4BC1B4BCDE100906EEC /* PCUSystemMessageCell.h in Headers */ = {isa = PBXBuildFile; fileRef = 6399E4BA1B4BCDE100906EEC /* PCUSystemMessageCell.h */; };
		6399E4BD1B4BCDE100906EEC /* PCUSystemMessageCell.m in Sources */ = {isa = PBXBuildFile; fileRef = 6399E4BB1B4BCDE100906EEC /* PCUSystemMessageCell.m */; };
		6399E4C01B4BCE1000906EEC /* PCUSystemMessageItemInteractor.h in Headers */ = {isa = PBXBuildFile; fileRef = 6399E4BE1B4BCE1000906EEC /* PCUSystemMessageItemInteractor.h */; };
		6399E4C11B4BCE1000906EEC /* PCUSystemMessageItemInteractor.m in Sources */ = {isa = PBXBuildFile; fileRef = 6399E4BF1B4BCE1000906EEC /* PCUSystemMessageItemInteractor.m */; };
		63B5512F1B9EDAEE001F3568 /* PCUSlideUpCell.h in Headers */ = {isa = PBXBuildFile; fileRef = 63B5512D1B9EDAEE001F3568 /* PCUSlideUpCell.h */; };
		63B551301B9EDAEE001F3568 /* PCUSlideUpCell.m in Sources */ = {isa = PBXBuildFile; fileRef = 63B5512E1B9EDAEE001F3568 /* PCUSlideUpCell.m */; };
		63B551331B9EDAFE001F3568 /* PCUSlideUpItemInteractor.h in Headers */ = {isa = PBXBuildFile; fileRef = 63B551311B9EDAFE001F3568 /* PCUSlideUpItemInteractor.h */; };
		63B551341B9EDAFE001F3568 /* PCUSlideUpItemInteractor.m in Sources */ = {isa = PBXBuildFile; fileRef = 63B551321B9EDAFE001F3568 /* PCUSlideUpItemInteractor.m */; };
		63B551371B9EDB6D001F3568 /* PCUSlideUpEntity.h in Headers */ = {isa = PBXBuildFile; fileRef = 63B551351B9EDB6D001F3568 /* PCUSlideUpEntity.h */; settings = {ATTRIBUTES = (Public, ); }; };
		63B551381B9EDB6D001F3568 /* PCUSlideUpEntity.m in Sources */ = {isa = PBXBuildFile; fileRef = 63B551361B9EDB6D001F3568 /* PCUSlideUpEntity.m */; };
		63D0DA731B8B15DF00DB24E1 /* PCUImageManager.h in Headers */ = {isa = PBXBuildFile; fileRef = 63D0DA711B8B15DF00DB24E1 /* PCUImageManager.h */; };
		63D0DA741B8B15DF00DB24E1 /* PCUImageManager.m in Sources */ = {isa = PBXBuildFile; fileRef = 63D0DA721B8B15DF00DB24E1 /* PCUImageManager.m */; };
		63D0DA791B8B165A00DB24E1 /* PCUMessageActivityIndicatorView.h in Headers */ = {isa = PBXBuildFile; fileRef = 63D0DA751B8B165A00DB24E1 /* PCUMessageActivityIndicatorView.h */; };
		63D0DA7A1B8B165A00DB24E1 /* PCUMessageActivityIndicatorView.m in Sources */ = {isa = PBXBuildFile; fileRef = 63D0DA761B8B165A00DB24E1 /* PCUMessageActivityIndicatorView.m */; };
		63D0DA7B1B8B165A00DB24E1 /* PCUPopMenuViewController.h in Headers */ = {isa = PBXBuildFile; fileRef = 63D0DA771B8B165A00DB24E1 /* PCUPopMenuViewController.h */; };
		63D0DA7C1B8B165A00DB24E1 /* PCUPopMenuViewController.m in Sources */ = {isa = PBXBuildFile; fileRef = 63D0DA781B8B165A00DB24E1 /* PCUPopMenuViewController.m */; };
		A8343E9E5243B6417103DBB9 /* libPods-PonyChatUI.a in Frameworks */ = {isa = PBXBuildFile; fileRef = F0B66FB56BFDE6A11F31E171 /* libPods-PonyChatUI.a */; };
/* End PBXBuildFile section */

/* Begin PBXContainerItemProxy section */
		6388BDD91B4A7A3300F1D4B9 /* PBXContainerItemProxy */ = {
			isa = PBXContainerItemProxy;
			containerPortal = 6388BDB71B4A7A3300F1D4B9 /* Project object */;
			proxyType = 1;
			remoteGlobalIDString = 6388BDBE1B4A7A3300F1D4B9;
			remoteInfo = PonyChatUIV2;
		};
		6388BE4A1B4A7C5C00F1D4B9 /* PBXContainerItemProxy */ = {
			isa = PBXContainerItemProxy;
			containerPortal = 6388BDB71B4A7A3300F1D4B9 /* Project object */;
			proxyType = 1;
			remoteGlobalIDString = 6388BE3D1B4A7C5C00F1D4B9;
			remoteInfo = PonyChatUI;
		};
		6388BE4C1B4A7C5C00F1D4B9 /* PBXContainerItemProxy */ = {
			isa = PBXContainerItemProxy;
			containerPortal = 6388BDB71B4A7A3300F1D4B9 /* Project object */;
			proxyType = 1;
			remoteGlobalIDString = 6388BDBE1B4A7A3300F1D4B9;
			remoteInfo = PonyChatUIV2;
		};
		6388BE531B4A7C5C00F1D4B9 /* PBXContainerItemProxy */ = {
			isa = PBXContainerItemProxy;
			containerPortal = 6388BDB71B4A7A3300F1D4B9 /* Project object */;
			proxyType = 1;
			remoteGlobalIDString = 6388BE3D1B4A7C5C00F1D4B9;
			remoteInfo = PonyChatUI;
		};
/* End PBXContainerItemProxy section */

/* Begin PBXCopyFilesBuildPhase section */
		6388BE0B1B4A7AE700F1D4B9 /* Embed Frameworks */ = {
			isa = PBXCopyFilesBuildPhase;
			buildActionMask = 2147483647;
			dstPath = "";
			dstSubfolderSpec = 10;
			files = (
				6388BE561B4A7C5C00F1D4B9 /* PonyChatUI.framework in Embed Frameworks */,
			);
			name = "Embed Frameworks";
			runOnlyForDeploymentPostprocessing = 0;
		};
/* End PBXCopyFilesBuildPhase section */

/* Begin PBXFileReference section */
		6335A98E1B4CD53C001DD64E /* PCUVoiceMessageCell.h */ = {isa = PBXFileReference; fileEncoding = 4; lastKnownFileType = sourcecode.c.h; path = PCUVoiceMessageCell.h; sourceTree = "<group>"; };
		6335A98F1B4CD53C001DD64E /* PCUVoiceMessageCell.m */ = {isa = PBXFileReference; fileEncoding = 4; lastKnownFileType = sourcecode.c.objc; path = PCUVoiceMessageCell.m; sourceTree = "<group>"; };
		6335A9921B4CD540001DD64E /* PCUVoiceMessageItemInteractor.h */ = {isa = PBXFileReference; fileEncoding = 4; lastKnownFileType = sourcecode.c.h; path = PCUVoiceMessageItemInteractor.h; sourceTree = "<group>"; };
		6335A9931B4CD540001DD64E /* PCUVoiceMessageItemInteractor.m */ = {isa = PBXFileReference; fileEncoding = 4; lastKnownFileType = sourcecode.c.objc; path = PCUVoiceMessageItemInteractor.m; sourceTree = "<group>"; };
		6335A9961B4CD54A001DD64E /* PCUVoiceMessageEntity.h */ = {isa = PBXFileReference; fileEncoding = 4; lastKnownFileType = sourcecode.c.h; path = PCUVoiceMessageEntity.h; sourceTree = "<group>"; };
		6335A9971B4CD54A001DD64E /* PCUVoiceMessageEntity.m */ = {isa = PBXFileReference; fileEncoding = 4; lastKnownFileType = sourcecode.c.objc; path = PCUVoiceMessageEntity.m; sourceTree = "<group>"; };
		6388BDBF1B4A7A3300F1D4B9 /* PonyChatUIV2.app */ = {isa = PBXFileReference; explicitFileType = wrapper.application; includeInIndex = 0; path = PonyChatUIV2.app; sourceTree = BUILT_PRODUCTS_DIR; };
		6388BDC31B4A7A3300F1D4B9 /* Info.plist */ = {isa = PBXFileReference; lastKnownFileType = text.plist.xml; path = Info.plist; sourceTree = "<group>"; };
		6388BDC41B4A7A3300F1D4B9 /* main.m */ = {isa = PBXFileReference; lastKnownFileType = sourcecode.c.objc; path = main.m; sourceTree = "<group>"; };
		6388BDC61B4A7A3300F1D4B9 /* AppDelegate.h */ = {isa = PBXFileReference; lastKnownFileType = sourcecode.c.h; path = AppDelegate.h; sourceTree = "<group>"; };
		6388BDC71B4A7A3300F1D4B9 /* AppDelegate.m */ = {isa = PBXFileReference; lastKnownFileType = sourcecode.c.objc; path = AppDelegate.m; sourceTree = "<group>"; };
		6388BDC91B4A7A3300F1D4B9 /* ViewController.h */ = {isa = PBXFileReference; lastKnownFileType = sourcecode.c.h; path = ViewController.h; sourceTree = "<group>"; };
		6388BDCA1B4A7A3300F1D4B9 /* ViewController.m */ = {isa = PBXFileReference; lastKnownFileType = sourcecode.c.objc; path = ViewController.m; sourceTree = "<group>"; };
		6388BDCD1B4A7A3300F1D4B9 /* Base */ = {isa = PBXFileReference; lastKnownFileType = file.storyboard; name = Base; path = Base.lproj/Main.storyboard; sourceTree = "<group>"; };
		6388BDCF1B4A7A3300F1D4B9 /* Images.xcassets */ = {isa = PBXFileReference; lastKnownFileType = folder.assetcatalog; path = Images.xcassets; sourceTree = "<group>"; };
		6388BDD21B4A7A3300F1D4B9 /* Base */ = {isa = PBXFileReference; lastKnownFileType = file.xib; name = Base; path = Base.lproj/LaunchScreen.xib; sourceTree = "<group>"; };
		6388BDD81B4A7A3300F1D4B9 /* PonyChatUIV2Tests.xctest */ = {isa = PBXFileReference; explicitFileType = wrapper.cfbundle; includeInIndex = 0; path = PonyChatUIV2Tests.xctest; sourceTree = BUILT_PRODUCTS_DIR; };
		6388BDDD1B4A7A3300F1D4B9 /* Info.plist */ = {isa = PBXFileReference; lastKnownFileType = text.plist.xml; path = Info.plist; sourceTree = "<group>"; };
		6388BDDE1B4A7A3300F1D4B9 /* PonyChatUIV2Tests.m */ = {isa = PBXFileReference; lastKnownFileType = sourcecode.c.objc; path = PonyChatUIV2Tests.m; sourceTree = "<group>"; };
		6388BE3E1B4A7C5C00F1D4B9 /* PonyChatUI.framework */ = {isa = PBXFileReference; explicitFileType = wrapper.framework; includeInIndex = 0; path = PonyChatUI.framework; sourceTree = BUILT_PRODUCTS_DIR; };
		6388BE411B4A7C5C00F1D4B9 /* Info.plist */ = {isa = PBXFileReference; lastKnownFileType = text.plist.xml; path = Info.plist; sourceTree = "<group>"; };
		6388BE421B4A7C5C00F1D4B9 /* PonyChatUI.h */ = {isa = PBXFileReference; lastKnownFileType = sourcecode.c.h; path = PonyChatUI.h; sourceTree = "<group>"; };
		6388BE481B4A7C5C00F1D4B9 /* PonyChatUITests.xctest */ = {isa = PBXFileReference; explicitFileType = wrapper.cfbundle; includeInIndex = 0; path = PonyChatUITests.xctest; sourceTree = BUILT_PRODUCTS_DIR; };
		6388BE501B4A7C5C00F1D4B9 /* Info.plist */ = {isa = PBXFileReference; lastKnownFileType = text.plist.xml; path = Info.plist; sourceTree = "<group>"; };
		6388BE511B4A7C5C00F1D4B9 /* PonyChatUITests.m */ = {isa = PBXFileReference; lastKnownFileType = sourcecode.c.objc; path = PonyChatUITests.m; sourceTree = "<group>"; };
		6388BE671B4A819500F1D4B9 /* PCUCore.h */ = {isa = PBXFileReference; fileEncoding = 4; lastKnownFileType = sourcecode.c.h; path = PCUCore.h; sourceTree = "<group>"; };
		6388BE681B4A819500F1D4B9 /* PCUCore.m */ = {isa = PBXFileReference; fileEncoding = 4; lastKnownFileType = sourcecode.c.objc; path = PCUCore.m; sourceTree = "<group>"; };
		6388BE6F1B4A829200F1D4B9 /* PCUMessageEntity.h */ = {isa = PBXFileReference; fileEncoding = 4; lastKnownFileType = sourcecode.c.h; path = PCUMessageEntity.h; sourceTree = "<group>"; };
		6388BE701B4A829200F1D4B9 /* PCUMessageEntity.m */ = {isa = PBXFileReference; fileEncoding = 4; lastKnownFileType = sourcecode.c.objc; path = PCUMessageEntity.m; sourceTree = "<group>"; };
		6388BE731B4A82A400F1D4B9 /* PCUMessageManager.h */ = {isa = PBXFileReference; fileEncoding = 4; lastKnownFileType = sourcecode.c.h; path = PCUMessageManager.h; sourceTree = "<group>"; };
		6388BE741B4A82A400F1D4B9 /* PCUMessageManager.m */ = {isa = PBXFileReference; fileEncoding = 4; lastKnownFileType = sourcecode.c.objc; path = PCUMessageManager.m; sourceTree = "<group>"; };
		6388BE771B4A83A800F1D4B9 /* PCUTextMessageEntity.h */ = {isa = PBXFileReference; fileEncoding = 4; lastKnownFileType = sourcecode.c.h; path = PCUTextMessageEntity.h; sourceTree = "<group>"; };
		6388BE781B4A83A800F1D4B9 /* PCUTextMessageEntity.m */ = {isa = PBXFileReference; fileEncoding = 4; lastKnownFileType = sourcecode.c.objc; path = PCUTextMessageEntity.m; sourceTree = "<group>"; };
		6388BE7F1B4A8D9B00F1D4B9 /* PCUWireframe.h */ = {isa = PBXFileReference; fileEncoding = 4; lastKnownFileType = sourcecode.c.h; path = PCUWireframe.h; sourceTree = "<group>"; };
		6388BE801B4A8D9B00F1D4B9 /* PCUWireframe.m */ = {isa = PBXFileReference; fileEncoding = 4; lastKnownFileType = sourcecode.c.objc; path = PCUWireframe.m; sourceTree = "<group>"; };
		6388BE831B4A8E1F00F1D4B9 /* PCUMainViewController.h */ = {isa = PBXFileReference; fileEncoding = 4; lastKnownFileType = sourcecode.c.h; path = PCUMainViewController.h; sourceTree = "<group>"; };
		6388BE841B4A8E1F00F1D4B9 /* PCUMainViewController.m */ = {isa = PBXFileReference; fileEncoding = 4; lastKnownFileType = sourcecode.c.objc; path = PCUMainViewController.m; sourceTree = "<group>"; };
		6388BE871B4B6EFA00F1D4B9 /* PCUMessageCell.h */ = {isa = PBXFileReference; fileEncoding = 4; lastKnownFileType = sourcecode.c.h; path = PCUMessageCell.h; sourceTree = "<group>"; };
		6388BE881B4B6EFB00F1D4B9 /* PCUMessageCell.m */ = {isa = PBXFileReference; fileEncoding = 4; lastKnownFileType = sourcecode.c.objc; path = PCUMessageCell.m; sourceTree = "<group>"; };
		6388BE8B1B4B727400F1D4B9 /* PCUTextMessageCell.h */ = {isa = PBXFileReference; fileEncoding = 4; lastKnownFileType = sourcecode.c.h; path = PCUTextMessageCell.h; sourceTree = "<group>"; };
		6388BE8C1B4B727400F1D4B9 /* PCUTextMessageCell.m */ = {isa = PBXFileReference; fileEncoding = 4; lastKnownFileType = sourcecode.c.objc; path = PCUTextMessageCell.m; sourceTree = "<group>"; };
		6388BE8F1B4B741500F1D4B9 /* PCUMessageItemInteractor.h */ = {isa = PBXFileReference; fileEncoding = 4; lastKnownFileType = sourcecode.c.h; path = PCUMessageItemInteractor.h; sourceTree = "<group>"; };
		6388BE901B4B741500F1D4B9 /* PCUMessageItemInteractor.m */ = {isa = PBXFileReference; fileEncoding = 4; lastKnownFileType = sourcecode.c.objc; path = PCUMessageItemInteractor.m; sourceTree = "<group>"; };
		6388BE931B4B743500F1D4B9 /* PCUMessageInteractor.h */ = {isa = PBXFileReference; fileEncoding = 4; lastKnownFileType = sourcecode.c.h; path = PCUMessageInteractor.h; sourceTree = "<group>"; };
		6388BE941B4B743500F1D4B9 /* PCUMessageInteractor.m */ = {isa = PBXFileReference; fileEncoding = 4; lastKnownFileType = sourcecode.c.objc; path = PCUMessageInteractor.m; sourceTree = "<group>"; };
		6388BE971B4B748F00F1D4B9 /* PCUMainPresenter.h */ = {isa = PBXFileReference; fileEncoding = 4; lastKnownFileType = sourcecode.c.h; path = PCUMainPresenter.h; sourceTree = "<group>"; };
		6388BE981B4B748F00F1D4B9 /* PCUMainPresenter.m */ = {isa = PBXFileReference; fileEncoding = 4; lastKnownFileType = sourcecode.c.objc; path = PCUMainPresenter.m; sourceTree = "<group>"; };
		6388BE9B1B4B7ED800F1D4B9 /* PCUTextMessageItemInteractor.h */ = {isa = PBXFileReference; fileEncoding = 4; lastKnownFileType = sourcecode.c.h; path = PCUTextMessageItemInteractor.h; sourceTree = "<group>"; };
		6388BE9C1B4B7ED800F1D4B9 /* PCUTextMessageItemInteractor.m */ = {isa = PBXFileReference; fileEncoding = 4; lastKnownFileType = sourcecode.c.objc; path = PCUTextMessageItemInteractor.m; sourceTree = "<group>"; };
		6388BEA01B4B86A900F1D4B9 /* PonyChatUI.xcassets */ = {isa = PBXFileReference; lastKnownFileType = folder.assetcatalog; path = PonyChatUI.xcassets; sourceTree = "<group>"; };
		6396A4931B4BDA0E00C2903E /* PCUImageMessageEntity.h */ = {isa = PBXFileReference; fileEncoding = 4; lastKnownFileType = sourcecode.c.h; path = PCUImageMessageEntity.h; sourceTree = "<group>"; };
		6396A4941B4BDA0E00C2903E /* PCUImageMessageEntity.m */ = {isa = PBXFileReference; fileEncoding = 4; lastKnownFileType = sourcecode.c.objc; path = PCUImageMessageEntity.m; sourceTree = "<group>"; };
		6396A4971B4BDA6C00C2903E /* PCUImageMessageItemInteractor.h */ = {isa = PBXFileReference; fileEncoding = 4; lastKnownFileType = sourcecode.c.h; path = PCUImageMessageItemInteractor.h; sourceTree = "<group>"; };
		6396A4981B4BDA6C00C2903E /* PCUImageMessageItemInteractor.m */ = {isa = PBXFileReference; fileEncoding = 4; lastKnownFileType = sourcecode.c.objc; path = PCUImageMessageItemInteractor.m; sourceTree = "<group>"; };
		6396A49B1B4BDADA00C2903E /* PCUImageMessageCell.h */ = {isa = PBXFileReference; fileEncoding = 4; lastKnownFileType = sourcecode.c.h; path = PCUImageMessageCell.h; sourceTree = "<group>"; };
		6396A49C1B4BDADA00C2903E /* PCUImageMessageCell.m */ = {isa = PBXFileReference; fileEncoding = 4; lastKnownFileType = sourcecode.c.objc; path = PCUImageMessageCell.m; sourceTree = "<group>"; };
		6399E4B61B4BCD4C00906EEC /* PCUSystemMessageEntity.h */ = {isa = PBXFileReference; fileEncoding = 4; lastKnownFileType = sourcecode.c.h; path = PCUSystemMessageEntity.h; sourceTree = "<group>"; };
		6399E4B71B4BCD4C00906EEC /* PCUSystemMessageEntity.m */ = {isa = PBXFileReference; fileEncoding = 4; lastKnownFileType = sourcecode.c.objc; path = PCUSystemMessageEntity.m; sourceTree = "<group>"; };
		6399E4BA1B4BCDE100906EEC /* PCUSystemMessageCell.h */ = {isa = PBXFileReference; fileEncoding = 4; lastKnownFileType = sourcecode.c.h; path = PCUSystemMessageCell.h; sourceTree = "<group>"; };
		6399E4BB1B4BCDE100906EEC /* PCUSystemMessageCell.m */ = {isa = PBXFileReference; fileEncoding = 4; lastKnownFileType = sourcecode.c.objc; path = PCUSystemMessageCell.m; sourceTree = "<group>"; };
		6399E4BE1B4BCE1000906EEC /* PCUSystemMessageItemInteractor.h */ = {isa = PBXFileReference; fileEncoding = 4; lastKnownFileType = sourcecode.c.h; path = PCUSystemMessageItemInteractor.h; sourceTree = "<group>"; };
		6399E4BF1B4BCE1000906EEC /* PCUSystemMessageItemInteractor.m */ = {isa = PBXFileReference; fileEncoding = 4; lastKnownFileType = sourcecode.c.objc; path = PCUSystemMessageItemInteractor.m; sourceTree = "<group>"; };
		63B5512D1B9EDAEE001F3568 /* PCUSlideUpCell.h */ = {isa = PBXFileReference; fileEncoding = 4; lastKnownFileType = sourcecode.c.h; path = PCUSlideUpCell.h; sourceTree = "<group>"; };
		63B5512E1B9EDAEE001F3568 /* PCUSlideUpCell.m */ = {isa = PBXFileReference; fileEncoding = 4; lastKnownFileType = sourcecode.c.objc; path = PCUSlideUpCell.m; sourceTree = "<group>"; };
		63B551311B9EDAFE001F3568 /* PCUSlideUpItemInteractor.h */ = {isa = PBXFileReference; fileEncoding = 4; lastKnownFileType = sourcecode.c.h; path = PCUSlideUpItemInteractor.h; sourceTree = "<group>"; };
		63B551321B9EDAFE001F3568 /* PCUSlideUpItemInteractor.m */ = {isa = PBXFileReference; fileEncoding = 4; lastKnownFileType = sourcecode.c.objc; path = PCUSlideUpItemInteractor.m; sourceTree = "<group>"; };
		63B551351B9EDB6D001F3568 /* PCUSlideUpEntity.h */ = {isa = PBXFileReference; fileEncoding = 4; lastKnownFileType = sourcecode.c.h; path = PCUSlideUpEntity.h; sourceTree = "<group>"; };
		63B551361B9EDB6D001F3568 /* PCUSlideUpEntity.m */ = {isa = PBXFileReference; fileEncoding = 4; lastKnownFileType = sourcecode.c.objc; path = PCUSlideUpEntity.m; sourceTree = "<group>"; };
		63D0DA711B8B15DF00DB24E1 /* PCUImageManager.h */ = {isa = PBXFileReference; fileEncoding = 4; lastKnownFileType = sourcecode.c.h; path = PCUImageManager.h; sourceTree = "<group>"; };
		63D0DA721B8B15DF00DB24E1 /* PCUImageManager.m */ = {isa = PBXFileReference; fileEncoding = 4; lastKnownFileType = sourcecode.c.objc; path = PCUImageManager.m; sourceTree = "<group>"; };
		63D0DA751B8B165A00DB24E1 /* PCUMessageActivityIndicatorView.h */ = {isa = PBXFileReference; fileEncoding = 4; lastKnownFileType = sourcecode.c.h; path = PCUMessageActivityIndicatorView.h; sourceTree = "<group>"; };
		63D0DA761B8B165A00DB24E1 /* PCUMessageActivityIndicatorView.m */ = {isa = PBXFileReference; fileEncoding = 4; lastKnownFileType = sourcecode.c.objc; path = PCUMessageActivityIndicatorView.m; sourceTree = "<group>"; };
		63D0DA771B8B165A00DB24E1 /* PCUPopMenuViewController.h */ = {isa = PBXFileReference; fileEncoding = 4; lastKnownFileType = sourcecode.c.h; path = PCUPopMenuViewController.h; sourceTree = "<group>"; };
		63D0DA781B8B165A00DB24E1 /* PCUPopMenuViewController.m */ = {isa = PBXFileReference; fileEncoding = 4; lastKnownFileType = sourcecode.c.objc; path = PCUPopMenuViewController.m; sourceTree = "<group>"; };
		9C3D2D087BAB03BC067818C6 /* Pods-PonyChatUI.release.xcconfig */ = {isa = PBXFileReference; includeInIndex = 1; lastKnownFileType = text.xcconfig; name = "Pods-PonyChatUI.release.xcconfig"; path = "Pods/Target Support Files/Pods-PonyChatUI/Pods-PonyChatUI.release.xcconfig"; sourceTree = "<group>"; };
		B145B35D789149B39C8A0C8B /* Pods-PonyChatUI.debug.xcconfig */ = {isa = PBXFileReference; includeInIndex = 1; lastKnownFileType = text.xcconfig; name = "Pods-PonyChatUI.debug.xcconfig"; path = "Pods/Target Support Files/Pods-PonyChatUI/Pods-PonyChatUI.debug.xcconfig"; sourceTree = "<group>"; };
		F0B66FB56BFDE6A11F31E171 /* libPods-PonyChatUI.a */ = {isa = PBXFileReference; explicitFileType = archive.ar; includeInIndex = 0; path = "libPods-PonyChatUI.a"; sourceTree = BUILT_PRODUCTS_DIR; };
/* End PBXFileReference section */

/* Begin PBXFrameworksBuildPhase section */
		6388BDBC1B4A7A3300F1D4B9 /* Frameworks */ = {
			isa = PBXFrameworksBuildPhase;
			buildActionMask = 2147483647;
			files = (
				6388BE651B4A7DB600F1D4B9 /* PonyChatUI.framework in Frameworks */,
			);
			runOnlyForDeploymentPostprocessing = 0;
		};
		6388BDD51B4A7A3300F1D4B9 /* Frameworks */ = {
			isa = PBXFrameworksBuildPhase;
			buildActionMask = 2147483647;
			files = (
			);
			runOnlyForDeploymentPostprocessing = 0;
		};
		6388BE3A1B4A7C5C00F1D4B9 /* Frameworks */ = {
			isa = PBXFrameworksBuildPhase;
			buildActionMask = 2147483647;
			files = (
				A8343E9E5243B6417103DBB9 /* libPods-PonyChatUI.a in Frameworks */,
			);
			runOnlyForDeploymentPostprocessing = 0;
		};
		6388BE451B4A7C5C00F1D4B9 /* Frameworks */ = {
			isa = PBXFrameworksBuildPhase;
			buildActionMask = 2147483647;
			files = (
				6388BE491B4A7C5C00F1D4B9 /* PonyChatUI.framework in Frameworks */,
			);
			runOnlyForDeploymentPostprocessing = 0;
		};
/* End PBXFrameworksBuildPhase section */

/* Begin PBXGroup section */
		0FEA162B1AF87FED238F2045 /* Frameworks */ = {
			isa = PBXGroup;
			children = (
				F0B66FB56BFDE6A11F31E171 /* libPods-PonyChatUI.a */,
			);
			name = Frameworks;
			sourceTree = "<group>";
		};
		5E1E5EB67D81AF3505DF0F5A /* Pods */ = {
			isa = PBXGroup;
			children = (
				B145B35D789149B39C8A0C8B /* Pods-PonyChatUI.debug.xcconfig */,
				9C3D2D087BAB03BC067818C6 /* Pods-PonyChatUI.release.xcconfig */,
			);
			name = Pods;
			sourceTree = "<group>";
		};
		6388BDB61B4A7A3300F1D4B9 = {
			isa = PBXGroup;
			children = (
				6388BDC11B4A7A3300F1D4B9 /* PonyChatUIV2 */,
				6388BDDB1B4A7A3300F1D4B9 /* PonyChatUIV2Tests */,
				6388BE3F1B4A7C5C00F1D4B9 /* PonyChatUI */,
				6388BE4E1B4A7C5C00F1D4B9 /* PonyChatUITests */,
				6388BDC01B4A7A3300F1D4B9 /* Products */,
				5E1E5EB67D81AF3505DF0F5A /* Pods */,
				0FEA162B1AF87FED238F2045 /* Frameworks */,
			);
			sourceTree = "<group>";
		};
		6388BDC01B4A7A3300F1D4B9 /* Products */ = {
			isa = PBXGroup;
			children = (
				6388BDBF1B4A7A3300F1D4B9 /* PonyChatUIV2.app */,
				6388BDD81B4A7A3300F1D4B9 /* PonyChatUIV2Tests.xctest */,
				6388BE3E1B4A7C5C00F1D4B9 /* PonyChatUI.framework */,
				6388BE481B4A7C5C00F1D4B9 /* PonyChatUITests.xctest */,
			);
			name = Products;
			sourceTree = "<group>";
		};
		6388BDC11B4A7A3300F1D4B9 /* PonyChatUIV2 */ = {
			isa = PBXGroup;
			children = (
				6388BDC61B4A7A3300F1D4B9 /* AppDelegate.h */,
				6388BDC71B4A7A3300F1D4B9 /* AppDelegate.m */,
				6388BDC91B4A7A3300F1D4B9 /* ViewController.h */,
				6388BDCA1B4A7A3300F1D4B9 /* ViewController.m */,
				6388BDCC1B4A7A3300F1D4B9 /* Main.storyboard */,
				6388BDCF1B4A7A3300F1D4B9 /* Images.xcassets */,
				6388BDD11B4A7A3300F1D4B9 /* LaunchScreen.xib */,
				6388BDC21B4A7A3300F1D4B9 /* Supporting Files */,
			);
			path = PonyChatUIV2;
			sourceTree = "<group>";
		};
		6388BDC21B4A7A3300F1D4B9 /* Supporting Files */ = {
			isa = PBXGroup;
			children = (
				6388BDC31B4A7A3300F1D4B9 /* Info.plist */,
				6388BDC41B4A7A3300F1D4B9 /* main.m */,
			);
			name = "Supporting Files";
			sourceTree = "<group>";
		};
		6388BDDB1B4A7A3300F1D4B9 /* PonyChatUIV2Tests */ = {
			isa = PBXGroup;
			children = (
				6388BDDE1B4A7A3300F1D4B9 /* PonyChatUIV2Tests.m */,
				6388BDDC1B4A7A3300F1D4B9 /* Supporting Files */,
			);
			path = PonyChatUIV2Tests;
			sourceTree = "<group>";
		};
		6388BDDC1B4A7A3300F1D4B9 /* Supporting Files */ = {
			isa = PBXGroup;
			children = (
				6388BDDD1B4A7A3300F1D4B9 /* Info.plist */,
			);
			name = "Supporting Files";
			sourceTree = "<group>";
		};
		6388BE3F1B4A7C5C00F1D4B9 /* PonyChatUI */ = {
			isa = PBXGroup;
			children = (
				6388BE421B4A7C5C00F1D4B9 /* PonyChatUI.h */,
				6388BE5D1B4A7C9700F1D4B9 /* Classes */,
				6388BE9F1B4B869700F1D4B9 /* Resources */,
				6388BE401B4A7C5C00F1D4B9 /* Supporting Files */,
			);
			path = PonyChatUI;
			sourceTree = "<group>";
		};
		6388BE401B4A7C5C00F1D4B9 /* Supporting Files */ = {
			isa = PBXGroup;
			children = (
				6388BE411B4A7C5C00F1D4B9 /* Info.plist */,
			);
			name = "Supporting Files";
			sourceTree = "<group>";
		};
		6388BE4E1B4A7C5C00F1D4B9 /* PonyChatUITests */ = {
			isa = PBXGroup;
			children = (
				6388BE511B4A7C5C00F1D4B9 /* PonyChatUITests.m */,
				6388BE4F1B4A7C5C00F1D4B9 /* Supporting Files */,
			);
			path = PonyChatUITests;
			sourceTree = "<group>";
		};
		6388BE4F1B4A7C5C00F1D4B9 /* Supporting Files */ = {
			isa = PBXGroup;
			children = (
				6388BE501B4A7C5C00F1D4B9 /* Info.plist */,
			);
			name = "Supporting Files";
			sourceTree = "<group>";
		};
		6388BE5D1B4A7C9700F1D4B9 /* Classes */ = {
			isa = PBXGroup;
			children = (
				6388BE661B4A819500F1D4B9 /* Application Interface */,
				6388BE691B4A819500F1D4B9 /* Applicaton Logic */,
				6388BE6A1B4A819500F1D4B9 /* User Interface */,
			);
			path = Classes;
			sourceTree = "<group>";
		};
		6388BE661B4A819500F1D4B9 /* Application Interface */ = {
			isa = PBXGroup;
			children = (
				6388BE671B4A819500F1D4B9 /* PCUCore.h */,
				6388BE681B4A819500F1D4B9 /* PCUCore.m */,
			);
			path = "Application Interface";
			sourceTree = "<group>";
		};
		6388BE691B4A819500F1D4B9 /* Applicaton Logic */ = {
			isa = PBXGroup;
			children = (
				6388BE6D1B4A822400F1D4B9 /* Entity */,
				6388BE6E1B4A822400F1D4B9 /* Manager */,
			);
			path = "Applicaton Logic";
			sourceTree = "<group>";
		};
		6388BE6A1B4A819500F1D4B9 /* User Interface */ = {
			isa = PBXGroup;
			children = (
				6388BE7B1B4A8D8400F1D4B9 /* Interactor */,
				6388BE7C1B4A8D8400F1D4B9 /* Presenter */,
				6388BE7D1B4A8D8400F1D4B9 /* View */,
				6388BE7E1B4A8D8400F1D4B9 /* Wireframe */,
			);
			path = "User Interface";
			sourceTree = "<group>";
		};
		6388BE6D1B4A822400F1D4B9 /* Entity */ = {
			isa = PBXGroup;
			children = (
				6388BE6F1B4A829200F1D4B9 /* PCUMessageEntity.h */,
				6388BE701B4A829200F1D4B9 /* PCUMessageEntity.m */,
				6388BE771B4A83A800F1D4B9 /* PCUTextMessageEntity.h */,
				6388BE781B4A83A800F1D4B9 /* PCUTextMessageEntity.m */,
				6399E4B61B4BCD4C00906EEC /* PCUSystemMessageEntity.h */,
				6399E4B71B4BCD4C00906EEC /* PCUSystemMessageEntity.m */,
				6396A4931B4BDA0E00C2903E /* PCUImageMessageEntity.h */,
				6396A4941B4BDA0E00C2903E /* PCUImageMessageEntity.m */,
				6335A9961B4CD54A001DD64E /* PCUVoiceMessageEntity.h */,
				6335A9971B4CD54A001DD64E /* PCUVoiceMessageEntity.m */,
				63B551351B9EDB6D001F3568 /* PCUSlideUpEntity.h */,
				63B551361B9EDB6D001F3568 /* PCUSlideUpEntity.m */,
			);
			path = Entity;
			sourceTree = "<group>";
		};
		6388BE6E1B4A822400F1D4B9 /* Manager */ = {
			isa = PBXGroup;
			children = (
				63D0DA711B8B15DF00DB24E1 /* PCUImageManager.h */,
				63D0DA721B8B15DF00DB24E1 /* PCUImageManager.m */,
				6388BE731B4A82A400F1D4B9 /* PCUMessageManager.h */,
				6388BE741B4A82A400F1D4B9 /* PCUMessageManager.m */,
			);
			path = Manager;
			sourceTree = "<group>";
		};
		6388BE7B1B4A8D8400F1D4B9 /* Interactor */ = {
			isa = PBXGroup;
			children = (
				6388BE931B4B743500F1D4B9 /* PCUMessageInteractor.h */,
				6388BE941B4B743500F1D4B9 /* PCUMessageInteractor.m */,
				6388BE8F1B4B741500F1D4B9 /* PCUMessageItemInteractor.h */,
				6388BE901B4B741500F1D4B9 /* PCUMessageItemInteractor.m */,
				6388BE9B1B4B7ED800F1D4B9 /* PCUTextMessageItemInteractor.h */,
				6388BE9C1B4B7ED800F1D4B9 /* PCUTextMessageItemInteractor.m */,
				6399E4BE1B4BCE1000906EEC /* PCUSystemMessageItemInteractor.h */,
				6399E4BF1B4BCE1000906EEC /* PCUSystemMessageItemInteractor.m */,
				6396A4971B4BDA6C00C2903E /* PCUImageMessageItemInteractor.h */,
				6396A4981B4BDA6C00C2903E /* PCUImageMessageItemInteractor.m */,
				6335A9921B4CD540001DD64E /* PCUVoiceMessageItemInteractor.h */,
				6335A9931B4CD540001DD64E /* PCUVoiceMessageItemInteractor.m */,
				63B551311B9EDAFE001F3568 /* PCUSlideUpItemInteractor.h */,
				63B551321B9EDAFE001F3568 /* PCUSlideUpItemInteractor.m */,
			);
			path = Interactor;
			sourceTree = "<group>";
		};
		6388BE7C1B4A8D8400F1D4B9 /* Presenter */ = {
			isa = PBXGroup;
			children = (
				6388BE971B4B748F00F1D4B9 /* PCUMainPresenter.h */,
				6388BE981B4B748F00F1D4B9 /* PCUMainPresenter.m */,
			);
			path = Presenter;
			sourceTree = "<group>";
		};
		6388BE7D1B4A8D8400F1D4B9 /* View */ = {
			isa = PBXGroup;
			children = (
				6388BE831B4A8E1F00F1D4B9 /* PCUMainViewController.h */,
				6388BE841B4A8E1F00F1D4B9 /* PCUMainViewController.m */,
				6388BE871B4B6EFA00F1D4B9 /* PCUMessageCell.h */,
				6388BE881B4B6EFB00F1D4B9 /* PCUMessageCell.m */,
				6388BE8B1B4B727400F1D4B9 /* PCUTextMessageCell.h */,
				6388BE8C1B4B727400F1D4B9 /* PCUTextMessageCell.m */,
				6399E4BA1B4BCDE100906EEC /* PCUSystemMessageCell.h */,
				6399E4BB1B4BCDE100906EEC /* PCUSystemMessageCell.m */,
				6396A49B1B4BDADA00C2903E /* PCUImageMessageCell.h */,
				6396A49C1B4BDADA00C2903E /* PCUImageMessageCell.m */,
				6335A98E1B4CD53C001DD64E /* PCUVoiceMessageCell.h */,
				6335A98F1B4CD53C001DD64E /* PCUVoiceMessageCell.m */,
				63D0DA751B8B165A00DB24E1 /* PCUMessageActivityIndicatorView.h */,
				63D0DA761B8B165A00DB24E1 /* PCUMessageActivityIndicatorView.m */,
				63D0DA771B8B165A00DB24E1 /* PCUPopMenuViewController.h */,
				63D0DA781B8B165A00DB24E1 /* PCUPopMenuViewController.m */,
				63B5512D1B9EDAEE001F3568 /* PCUSlideUpCell.h */,
				63B5512E1B9EDAEE001F3568 /* PCUSlideUpCell.m */,
			);
			path = View;
			sourceTree = "<group>";
		};
		6388BE7E1B4A8D8400F1D4B9 /* Wireframe */ = {
			isa = PBXGroup;
			children = (
				6388BE7F1B4A8D9B00F1D4B9 /* PCUWireframe.h */,
				6388BE801B4A8D9B00F1D4B9 /* PCUWireframe.m */,
			);
			path = Wireframe;
			sourceTree = "<group>";
		};
		6388BE9F1B4B869700F1D4B9 /* Resources */ = {
			isa = PBXGroup;
			children = (
				6388BEA01B4B86A900F1D4B9 /* PonyChatUI.xcassets */,
			);
			path = Resources;
			sourceTree = "<group>";
		};
/* End PBXGroup section */

/* Begin PBXHeadersBuildPhase section */
		6388BE3B1B4A7C5C00F1D4B9 /* Headers */ = {
			isa = PBXHeadersBuildPhase;
			buildActionMask = 2147483647;
			files = (
				6388BE851B4A8E1F00F1D4B9 /* PCUMainViewController.h in Headers */,
				6388BE6B1B4A819500F1D4B9 /* PCUCore.h in Headers */,
				6396A4991B4BDA6C00C2903E /* PCUImageMessageItemInteractor.h in Headers */,
				63D0DA791B8B165A00DB24E1 /* PCUMessageActivityIndicatorView.h in Headers */,
				6388BE751B4A82A400F1D4B9 /* PCUMessageManager.h in Headers */,
				6388BE9D1B4B7ED800F1D4B9 /* PCUTextMessageItemInteractor.h in Headers */,
				6396A4951B4BDA0E00C2903E /* PCUImageMessageEntity.h in Headers */,
				63B551371B9EDB6D001F3568 /* PCUSlideUpEntity.h in Headers */,
				6399E4C01B4BCE1000906EEC /* PCUSystemMessageItemInteractor.h in Headers */,
				6335A9981B4CD54A001DD64E /* PCUVoiceMessageEntity.h in Headers */,
				6388BE951B4B743500F1D4B9 /* PCUMessageInteractor.h in Headers */,
				63D0DA7B1B8B165A00DB24E1 /* PCUPopMenuViewController.h in Headers */,
				6399E4B81B4BCD4C00906EEC /* PCUSystemMessageEntity.h in Headers */,
				6388BE911B4B741500F1D4B9 /* PCUMessageItemInteractor.h in Headers */,
				6388BE891B4B6EFB00F1D4B9 /* PCUMessageCell.h in Headers */,
				63B5512F1B9EDAEE001F3568 /* PCUSlideUpCell.h in Headers */,
				6388BE791B4A83A800F1D4B9 /* PCUTextMessageEntity.h in Headers */,
				6335A9941B4CD540001DD64E /* PCUVoiceMessageItemInteractor.h in Headers */,
				6399E4BC1B4BCDE100906EEC /* PCUSystemMessageCell.h in Headers */,
				6388BE811B4A8D9B00F1D4B9 /* PCUWireframe.h in Headers */,
				6335A9901B4CD53C001DD64E /* PCUVoiceMessageCell.h in Headers */,
				6388BE711B4A829200F1D4B9 /* PCUMessageEntity.h in Headers */,
				6388BE991B4B748F00F1D4B9 /* PCUMainPresenter.h in Headers */,
				6388BE431B4A7C5C00F1D4B9 /* PonyChatUI.h in Headers */,
				63D0DA731B8B15DF00DB24E1 /* PCUImageManager.h in Headers */,
				6388BE8D1B4B727400F1D4B9 /* PCUTextMessageCell.h in Headers */,
				63B551331B9EDAFE001F3568 /* PCUSlideUpItemInteractor.h in Headers */,
				6396A49D1B4BDADA00C2903E /* PCUImageMessageCell.h in Headers */,
			);
			runOnlyForDeploymentPostprocessing = 0;
		};
/* End PBXHeadersBuildPhase section */

/* Begin PBXNativeTarget section */
		6388BDBE1B4A7A3300F1D4B9 /* PonyChatUIV2 */ = {
			isa = PBXNativeTarget;
			buildConfigurationList = 6388BDE21B4A7A3300F1D4B9 /* Build configuration list for PBXNativeTarget "PonyChatUIV2" */;
			buildPhases = (
				6388BDBB1B4A7A3300F1D4B9 /* Sources */,
				6388BDBC1B4A7A3300F1D4B9 /* Frameworks */,
				6388BDBD1B4A7A3300F1D4B9 /* Resources */,
				6388BE0B1B4A7AE700F1D4B9 /* Embed Frameworks */,
			);
			buildRules = (
			);
			dependencies = (
				6388BE541B4A7C5C00F1D4B9 /* PBXTargetDependency */,
			);
			name = PonyChatUIV2;
			productName = PonyChatUIV2;
			productReference = 6388BDBF1B4A7A3300F1D4B9 /* PonyChatUIV2.app */;
			productType = "com.apple.product-type.application";
		};
		6388BDD71B4A7A3300F1D4B9 /* PonyChatUIV2Tests */ = {
			isa = PBXNativeTarget;
			buildConfigurationList = 6388BDE51B4A7A3300F1D4B9 /* Build configuration list for PBXNativeTarget "PonyChatUIV2Tests" */;
			buildPhases = (
				6388BDD41B4A7A3300F1D4B9 /* Sources */,
				6388BDD51B4A7A3300F1D4B9 /* Frameworks */,
				6388BDD61B4A7A3300F1D4B9 /* Resources */,
			);
			buildRules = (
			);
			dependencies = (
				6388BDDA1B4A7A3300F1D4B9 /* PBXTargetDependency */,
			);
			name = PonyChatUIV2Tests;
			productName = PonyChatUIV2Tests;
			productReference = 6388BDD81B4A7A3300F1D4B9 /* PonyChatUIV2Tests.xctest */;
			productType = "com.apple.product-type.bundle.unit-test";
		};
		6388BE3D1B4A7C5C00F1D4B9 /* PonyChatUI */ = {
			isa = PBXNativeTarget;
			buildConfigurationList = 6388BE571B4A7C5C00F1D4B9 /* Build configuration list for PBXNativeTarget "PonyChatUI" */;
			buildPhases = (
				B7A43747679F627EBA8CD863 /* Check Pods Manifest.lock */,
				6388BE391B4A7C5C00F1D4B9 /* Sources */,
				6388BE3A1B4A7C5C00F1D4B9 /* Frameworks */,
				6388BE3B1B4A7C5C00F1D4B9 /* Headers */,
				6388BE3C1B4A7C5C00F1D4B9 /* Resources */,
				7F3A614C6C6359B84CEAEEDC /* Copy Pods Resources */,
			);
			buildRules = (
			);
			dependencies = (
			);
			name = PonyChatUI;
			productName = PonyChatUI;
			productReference = 6388BE3E1B4A7C5C00F1D4B9 /* PonyChatUI.framework */;
			productType = "com.apple.product-type.framework";
		};
		6388BE471B4A7C5C00F1D4B9 /* PonyChatUITests */ = {
			isa = PBXNativeTarget;
			buildConfigurationList = 6388BE5A1B4A7C5C00F1D4B9 /* Build configuration list for PBXNativeTarget "PonyChatUITests" */;
			buildPhases = (
				6388BE441B4A7C5C00F1D4B9 /* Sources */,
				6388BE451B4A7C5C00F1D4B9 /* Frameworks */,
				6388BE461B4A7C5C00F1D4B9 /* Resources */,
			);
			buildRules = (
			);
			dependencies = (
				6388BE4B1B4A7C5C00F1D4B9 /* PBXTargetDependency */,
				6388BE4D1B4A7C5C00F1D4B9 /* PBXTargetDependency */,
			);
			name = PonyChatUITests;
			productName = PonyChatUITests;
			productReference = 6388BE481B4A7C5C00F1D4B9 /* PonyChatUITests.xctest */;
			productType = "com.apple.product-type.bundle.unit-test";
		};
/* End PBXNativeTarget section */

/* Begin PBXProject section */
		6388BDB71B4A7A3300F1D4B9 /* Project object */ = {
			isa = PBXProject;
			attributes = {
				CLASSPREFIX = PCU;
				LastUpgradeCheck = 0640;
				ORGANIZATIONNAME = PonyCui;
				TargetAttributes = {
					6388BDBE1B4A7A3300F1D4B9 = {
						CreatedOnToolsVersion = 6.4;
					};
					6388BDD71B4A7A3300F1D4B9 = {
						CreatedOnToolsVersion = 6.4;
						TestTargetID = 6388BDBE1B4A7A3300F1D4B9;
					};
					6388BE3D1B4A7C5C00F1D4B9 = {
						CreatedOnToolsVersion = 6.4;
					};
					6388BE471B4A7C5C00F1D4B9 = {
						CreatedOnToolsVersion = 6.4;
						TestTargetID = 6388BDBE1B4A7A3300F1D4B9;
					};
				};
			};
			buildConfigurationList = 6388BDBA1B4A7A3300F1D4B9 /* Build configuration list for PBXProject "PonyChatUIV2" */;
			compatibilityVersion = "Xcode 3.2";
			developmentRegion = English;
			hasScannedForEncodings = 0;
			knownRegions = (
				en,
				Base,
			);
			mainGroup = 6388BDB61B4A7A3300F1D4B9;
			productRefGroup = 6388BDC01B4A7A3300F1D4B9 /* Products */;
			projectDirPath = "";
			projectRoot = "";
			targets = (
				6388BDBE1B4A7A3300F1D4B9 /* PonyChatUIV2 */,
				6388BDD71B4A7A3300F1D4B9 /* PonyChatUIV2Tests */,
				6388BE3D1B4A7C5C00F1D4B9 /* PonyChatUI */,
				6388BE471B4A7C5C00F1D4B9 /* PonyChatUITests */,
			);
		};
/* End PBXProject section */

/* Begin PBXResourcesBuildPhase section */
		6388BDBD1B4A7A3300F1D4B9 /* Resources */ = {
			isa = PBXResourcesBuildPhase;
			buildActionMask = 2147483647;
			files = (
				6388BEA21B4B8ACE00F1D4B9 /* PonyChatUI.xcassets in Resources */,
				6388BDCE1B4A7A3300F1D4B9 /* Main.storyboard in Resources */,
				6388BDD31B4A7A3300F1D4B9 /* LaunchScreen.xib in Resources */,
				6388BDD01B4A7A3300F1D4B9 /* Images.xcassets in Resources */,
			);
			runOnlyForDeploymentPostprocessing = 0;
		};
		6388BDD61B4A7A3300F1D4B9 /* Resources */ = {
			isa = PBXResourcesBuildPhase;
			buildActionMask = 2147483647;
			files = (
			);
			runOnlyForDeploymentPostprocessing = 0;
		};
		6388BE3C1B4A7C5C00F1D4B9 /* Resources */ = {
			isa = PBXResourcesBuildPhase;
			buildActionMask = 2147483647;
			files = (
				6388BEA11B4B86A900F1D4B9 /* PonyChatUI.xcassets in Resources */,
			);
			runOnlyForDeploymentPostprocessing = 0;
		};
		6388BE461B4A7C5C00F1D4B9 /* Resources */ = {
			isa = PBXResourcesBuildPhase;
			buildActionMask = 2147483647;
			files = (
			);
			runOnlyForDeploymentPostprocessing = 0;
		};
/* End PBXResourcesBuildPhase section */

/* Begin PBXShellScriptBuildPhase section */
		7F3A614C6C6359B84CEAEEDC /* Copy Pods Resources */ = {
			isa = PBXShellScriptBuildPhase;
			buildActionMask = 2147483647;
			files = (
			);
			inputPaths = (
			);
			name = "Copy Pods Resources";
			outputPaths = (
			);
			runOnlyForDeploymentPostprocessing = 0;
			shellPath = /bin/sh;
			shellScript = "\"${SRCROOT}/Pods/Target Support Files/Pods-PonyChatUI/Pods-PonyChatUI-resources.sh\"\n";
			showEnvVarsInLog = 0;
		};
		B7A43747679F627EBA8CD863 /* Check Pods Manifest.lock */ = {
			isa = PBXShellScriptBuildPhase;
			buildActionMask = 2147483647;
			files = (
			);
			inputPaths = (
			);
			name = "Check Pods Manifest.lock";
			outputPaths = (
			);
			runOnlyForDeploymentPostprocessing = 0;
			shellPath = /bin/sh;
			shellScript = "diff \"${PODS_ROOT}/../Podfile.lock\" \"${PODS_ROOT}/Manifest.lock\" > /dev/null\nif [[ $? != 0 ]] ; then\n    cat << EOM\nerror: The sandbox is not in sync with the Podfile.lock. Run 'pod install' or update your CocoaPods installation.\nEOM\n    exit 1\nfi\n";
			showEnvVarsInLog = 0;
		};
/* End PBXShellScriptBuildPhase section */

/* Begin PBXSourcesBuildPhase section */
		6388BDBB1B4A7A3300F1D4B9 /* Sources */ = {
			isa = PBXSourcesBuildPhase;
			buildActionMask = 2147483647;
			files = (
				6388BDCB1B4A7A3300F1D4B9 /* ViewController.m in Sources */,
				6388BDC81B4A7A3300F1D4B9 /* AppDelegate.m in Sources */,
				6388BDC51B4A7A3300F1D4B9 /* main.m in Sources */,
			);
			runOnlyForDeploymentPostprocessing = 0;
		};
		6388BDD41B4A7A3300F1D4B9 /* Sources */ = {
			isa = PBXSourcesBuildPhase;
			buildActionMask = 2147483647;
			files = (
				6388BDDF1B4A7A3300F1D4B9 /* PonyChatUIV2Tests.m in Sources */,
			);
			runOnlyForDeploymentPostprocessing = 0;
		};
		6388BE391B4A7C5C00F1D4B9 /* Sources */ = {
			isa = PBXSourcesBuildPhase;
			buildActionMask = 2147483647;
			files = (
				63D0DA7C1B8B165A00DB24E1 /* PCUPopMenuViewController.m in Sources */,
				6388BE861B4A8E1F00F1D4B9 /* PCUMainViewController.m in Sources */,
				6388BE9E1B4B7ED800F1D4B9 /* PCUTextMessageItemInteractor.m in Sources */,
				6399E4C11B4BCE1000906EEC /* PCUSystemMessageItemInteractor.m in Sources */,
				6396A49A1B4BDA6C00C2903E /* PCUImageMessageItemInteractor.m in Sources */,
				63D0DA7A1B8B165A00DB24E1 /* PCUMessageActivityIndicatorView.m in Sources */,
				6388BE8E1B4B727400F1D4B9 /* PCUTextMessageCell.m in Sources */,
				6388BE7A1B4A83A800F1D4B9 /* PCUTextMessageEntity.m in Sources */,
				63B551301B9EDAEE001F3568 /* PCUSlideUpCell.m in Sources */,
				6388BE821B4A8D9B00F1D4B9 /* PCUWireframe.m in Sources */,
				63B551381B9EDB6D001F3568 /* PCUSlideUpEntity.m in Sources */,
				6335A9951B4CD540001DD64E /* PCUVoiceMessageItemInteractor.m in Sources */,
				6388BE8A1B4B6EFB00F1D4B9 /* PCUMessageCell.m in Sources */,
				6335A9991B4CD54A001DD64E /* PCUVoiceMessageEntity.m in Sources */,
				6388BE761B4A82A400F1D4B9 /* PCUMessageManager.m in Sources */,
				6388BE6C1B4A819500F1D4B9 /* PCUCore.m in Sources */,
				6388BE721B4A829200F1D4B9 /* PCUMessageEntity.m in Sources */,
				6399E4B91B4BCD4C00906EEC /* PCUSystemMessageEntity.m in Sources */,
				63D0DA741B8B15DF00DB24E1 /* PCUImageManager.m in Sources */,
				6388BE9A1B4B748F00F1D4B9 /* PCUMainPresenter.m in Sources */,
				6335A9911B4CD53C001DD64E /* PCUVoiceMessageCell.m in Sources */,
				6399E4BD1B4BCDE100906EEC /* PCUSystemMessageCell.m in Sources */,
				6396A49E1B4BDADA00C2903E /* PCUImageMessageCell.m in Sources */,
				6388BE921B4B741500F1D4B9 /* PCUMessageItemInteractor.m in Sources */,
				6388BE961B4B743500F1D4B9 /* PCUMessageInteractor.m in Sources */,
				6396A4961B4BDA0E00C2903E /* PCUImageMessageEntity.m in Sources */,
				63B551341B9EDAFE001F3568 /* PCUSlideUpItemInteractor.m in Sources */,
			);
			runOnlyForDeploymentPostprocessing = 0;
		};
		6388BE441B4A7C5C00F1D4B9 /* Sources */ = {
			isa = PBXSourcesBuildPhase;
			buildActionMask = 2147483647;
			files = (
				6388BE521B4A7C5C00F1D4B9 /* PonyChatUITests.m in Sources */,
			);
			runOnlyForDeploymentPostprocessing = 0;
		};
/* End PBXSourcesBuildPhase section */

/* Begin PBXTargetDependency section */
		6388BDDA1B4A7A3300F1D4B9 /* PBXTargetDependency */ = {
			isa = PBXTargetDependency;
			target = 6388BDBE1B4A7A3300F1D4B9 /* PonyChatUIV2 */;
			targetProxy = 6388BDD91B4A7A3300F1D4B9 /* PBXContainerItemProxy */;
		};
		6388BE4B1B4A7C5C00F1D4B9 /* PBXTargetDependency */ = {
			isa = PBXTargetDependency;
			target = 6388BE3D1B4A7C5C00F1D4B9 /* PonyChatUI */;
			targetProxy = 6388BE4A1B4A7C5C00F1D4B9 /* PBXContainerItemProxy */;
		};
		6388BE4D1B4A7C5C00F1D4B9 /* PBXTargetDependency */ = {
			isa = PBXTargetDependency;
			target = 6388BDBE1B4A7A3300F1D4B9 /* PonyChatUIV2 */;
			targetProxy = 6388BE4C1B4A7C5C00F1D4B9 /* PBXContainerItemProxy */;
		};
		6388BE541B4A7C5C00F1D4B9 /* PBXTargetDependency */ = {
			isa = PBXTargetDependency;
			target = 6388BE3D1B4A7C5C00F1D4B9 /* PonyChatUI */;
			targetProxy = 6388BE531B4A7C5C00F1D4B9 /* PBXContainerItemProxy */;
		};
/* End PBXTargetDependency section */

/* Begin PBXVariantGroup section */
		6388BDCC1B4A7A3300F1D4B9 /* Main.storyboard */ = {
			isa = PBXVariantGroup;
			children = (
				6388BDCD1B4A7A3300F1D4B9 /* Base */,
			);
			name = Main.storyboard;
			sourceTree = "<group>";
		};
		6388BDD11B4A7A3300F1D4B9 /* LaunchScreen.xib */ = {
			isa = PBXVariantGroup;
			children = (
				6388BDD21B4A7A3300F1D4B9 /* Base */,
			);
			name = LaunchScreen.xib;
			sourceTree = "<group>";
		};
/* End PBXVariantGroup section */

/* Begin XCBuildConfiguration section */
		6388BDE01B4A7A3300F1D4B9 /* Debug */ = {
			isa = XCBuildConfiguration;
			buildSettings = {
				ALWAYS_SEARCH_USER_PATHS = NO;
				CLANG_CXX_LANGUAGE_STANDARD = "gnu++0x";
				CLANG_CXX_LIBRARY = "libc++";
				CLANG_ENABLE_MODULES = YES;
				CLANG_ENABLE_OBJC_ARC = YES;
				CLANG_WARN_BOOL_CONVERSION = YES;
				CLANG_WARN_CONSTANT_CONVERSION = YES;
				CLANG_WARN_DIRECT_OBJC_ISA_USAGE = YES_ERROR;
				CLANG_WARN_EMPTY_BODY = YES;
				CLANG_WARN_ENUM_CONVERSION = YES;
				CLANG_WARN_INT_CONVERSION = YES;
				CLANG_WARN_OBJC_ROOT_CLASS = YES_ERROR;
				CLANG_WARN_UNREACHABLE_CODE = YES;
				CLANG_WARN__DUPLICATE_METHOD_MATCH = YES;
				"CODE_SIGN_IDENTITY[sdk=iphoneos*]" = "iPhone Developer";
				COPY_PHASE_STRIP = NO;
				DEBUG_INFORMATION_FORMAT = "dwarf-with-dsym";
				ENABLE_STRICT_OBJC_MSGSEND = YES;
				GCC_C_LANGUAGE_STANDARD = gnu99;
				GCC_DYNAMIC_NO_PIC = NO;
				GCC_NO_COMMON_BLOCKS = YES;
				GCC_OPTIMIZATION_LEVEL = 0;
				GCC_PREPROCESSOR_DEFINITIONS = (
					"DEBUG=1",
					"$(inherited)",
				);
				GCC_SYMBOLS_PRIVATE_EXTERN = NO;
				GCC_WARN_64_TO_32_BIT_CONVERSION = YES;
				GCC_WARN_ABOUT_RETURN_TYPE = YES_ERROR;
				GCC_WARN_UNDECLARED_SELECTOR = YES;
				GCC_WARN_UNINITIALIZED_AUTOS = YES_AGGRESSIVE;
				GCC_WARN_UNUSED_FUNCTION = YES;
				GCC_WARN_UNUSED_VARIABLE = YES;
				IPHONEOS_DEPLOYMENT_TARGET = 8.4;
				MTL_ENABLE_DEBUG_INFO = YES;
				ONLY_ACTIVE_ARCH = YES;
				SDKROOT = iphoneos;
			};
			name = Debug;
		};
		6388BDE11B4A7A3300F1D4B9 /* Release */ = {
			isa = XCBuildConfiguration;
			buildSettings = {
				ALWAYS_SEARCH_USER_PATHS = NO;
				CLANG_CXX_LANGUAGE_STANDARD = "gnu++0x";
				CLANG_CXX_LIBRARY = "libc++";
				CLANG_ENABLE_MODULES = YES;
				CLANG_ENABLE_OBJC_ARC = YES;
				CLANG_WARN_BOOL_CONVERSION = YES;
				CLANG_WARN_CONSTANT_CONVERSION = YES;
				CLANG_WARN_DIRECT_OBJC_ISA_USAGE = YES_ERROR;
				CLANG_WARN_EMPTY_BODY = YES;
				CLANG_WARN_ENUM_CONVERSION = YES;
				CLANG_WARN_INT_CONVERSION = YES;
				CLANG_WARN_OBJC_ROOT_CLASS = YES_ERROR;
				CLANG_WARN_UNREACHABLE_CODE = YES;
				CLANG_WARN__DUPLICATE_METHOD_MATCH = YES;
				"CODE_SIGN_IDENTITY[sdk=iphoneos*]" = "iPhone Developer";
				COPY_PHASE_STRIP = NO;
				DEBUG_INFORMATION_FORMAT = "dwarf-with-dsym";
				ENABLE_NS_ASSERTIONS = NO;
				ENABLE_STRICT_OBJC_MSGSEND = YES;
				GCC_C_LANGUAGE_STANDARD = gnu99;
				GCC_NO_COMMON_BLOCKS = YES;
				GCC_WARN_64_TO_32_BIT_CONVERSION = YES;
				GCC_WARN_ABOUT_RETURN_TYPE = YES_ERROR;
				GCC_WARN_UNDECLARED_SELECTOR = YES;
				GCC_WARN_UNINITIALIZED_AUTOS = YES_AGGRESSIVE;
				GCC_WARN_UNUSED_FUNCTION = YES;
				GCC_WARN_UNUSED_VARIABLE = YES;
				IPHONEOS_DEPLOYMENT_TARGET = 8.4;
				MTL_ENABLE_DEBUG_INFO = NO;
				SDKROOT = iphoneos;
				VALIDATE_PRODUCT = YES;
			};
			name = Release;
		};
		6388BDE31B4A7A3300F1D4B9 /* Debug */ = {
			isa = XCBuildConfiguration;
			buildSettings = {
				ASSETCATALOG_COMPILER_APPICON_NAME = AppIcon;
				ASSETCATALOG_COMPILER_LAUNCHIMAGE_NAME = LaunchImage;
				INFOPLIST_FILE = PonyChatUIV2/Info.plist;
				IPHONEOS_DEPLOYMENT_TARGET = 8.0;
				LD_RUNPATH_SEARCH_PATHS = "$(inherited) @executable_path/Frameworks";
				PRODUCT_NAME = "$(TARGET_NAME)";
			};
			name = Debug;
		};
		6388BDE41B4A7A3300F1D4B9 /* Release */ = {
			isa = XCBuildConfiguration;
			buildSettings = {
				ASSETCATALOG_COMPILER_APPICON_NAME = AppIcon;
				ASSETCATALOG_COMPILER_LAUNCHIMAGE_NAME = LaunchImage;
				INFOPLIST_FILE = PonyChatUIV2/Info.plist;
				IPHONEOS_DEPLOYMENT_TARGET = 8.0;
				LD_RUNPATH_SEARCH_PATHS = "$(inherited) @executable_path/Frameworks";
				PRODUCT_NAME = "$(TARGET_NAME)";
			};
			name = Release;
		};
		6388BDE61B4A7A3300F1D4B9 /* Debug */ = {
			isa = XCBuildConfiguration;
			buildSettings = {
				BUNDLE_LOADER = "$(TEST_HOST)";
				FRAMEWORK_SEARCH_PATHS = (
					"$(SDKROOT)/Developer/Library/Frameworks",
					"$(inherited)",
				);
				GCC_PREPROCESSOR_DEFINITIONS = (
					"DEBUG=1",
					"$(inherited)",
				);
				INFOPLIST_FILE = PonyChatUIV2Tests/Info.plist;
				LD_RUNPATH_SEARCH_PATHS = "$(inherited) @executable_path/Frameworks @loader_path/Frameworks";
				PRODUCT_NAME = "$(TARGET_NAME)";
				TEST_HOST = "$(BUILT_PRODUCTS_DIR)/PonyChatUIV2.app/PonyChatUIV2";
			};
			name = Debug;
		};
		6388BDE71B4A7A3300F1D4B9 /* Release */ = {
			isa = XCBuildConfiguration;
			buildSettings = {
				BUNDLE_LOADER = "$(TEST_HOST)";
				FRAMEWORK_SEARCH_PATHS = (
					"$(SDKROOT)/Developer/Library/Frameworks",
					"$(inherited)",
				);
				INFOPLIST_FILE = PonyChatUIV2Tests/Info.plist;
				LD_RUNPATH_SEARCH_PATHS = "$(inherited) @executable_path/Frameworks @loader_path/Frameworks";
				PRODUCT_NAME = "$(TARGET_NAME)";
				TEST_HOST = "$(BUILT_PRODUCTS_DIR)/PonyChatUIV2.app/PonyChatUIV2";
			};
			name = Release;
		};
		6388BE581B4A7C5C00F1D4B9 /* Debug */ = {
			isa = XCBuildConfiguration;
			baseConfigurationReference = B145B35D789149B39C8A0C8B /* Pods-PonyChatUI.debug.xcconfig */;
			buildSettings = {
				CLANG_ALLOW_NON_MODULAR_INCLUDES_IN_FRAMEWORK_MODULES = NO;
				CURRENT_PROJECT_VERSION = 1;
				DEFINES_MODULE = YES;
				DYLIB_COMPATIBILITY_VERSION = 1;
				DYLIB_CURRENT_VERSION = 1;
				DYLIB_INSTALL_NAME_BASE = "@rpath";
				GCC_PREPROCESSOR_DEFINITIONS = (
					"DEBUG=1",
					"$(inherited)",
				);
				HEADER_SEARCH_PATHS = (
					"$(inherited)",
					/Applications/Xcode.app/Contents/Developer/Toolchains/XcodeDefault.xctoolchain/usr/include,
				);
				INFOPLIST_FILE = PonyChatUI/Info.plist;
				INSTALL_PATH = "$(LOCAL_LIBRARY_DIR)/Frameworks";
				IPHONEOS_DEPLOYMENT_TARGET = 8.0;
				LD_RUNPATH_SEARCH_PATHS = "$(inherited) @executable_path/Frameworks @loader_path/Frameworks";
				PRODUCT_NAME = "$(TARGET_NAME)";
				SKIP_INSTALL = YES;
				TARGETED_DEVICE_FAMILY = "1,2";
				VERSIONING_SYSTEM = "apple-generic";
				VERSION_INFO_PREFIX = "";
			};
			name = Debug;
		};
		6388BE591B4A7C5C00F1D4B9 /* Release */ = {
			isa = XCBuildConfiguration;
			baseConfigurationReference = 9C3D2D087BAB03BC067818C6 /* Pods-PonyChatUI.release.xcconfig */;
			buildSettings = {
				CLANG_ALLOW_NON_MODULAR_INCLUDES_IN_FRAMEWORK_MODULES = NO;
				CURRENT_PROJECT_VERSION = 1;
				DEFINES_MODULE = YES;
				DYLIB_COMPATIBILITY_VERSION = 1;
				DYLIB_CURRENT_VERSION = 1;
				DYLIB_INSTALL_NAME_BASE = "@rpath";
				HEADER_SEARCH_PATHS = (
					"$(inherited)",
					/Applications/Xcode.app/Contents/Developer/Toolchains/XcodeDefault.xctoolchain/usr/include,
				);
				INFOPLIST_FILE = PonyChatUI/Info.plist;
				INSTALL_PATH = "$(LOCAL_LIBRARY_DIR)/Frameworks";
				IPHONEOS_DEPLOYMENT_TARGET = 8.0;
				LD_RUNPATH_SEARCH_PATHS = "$(inherited) @executable_path/Frameworks @loader_path/Frameworks";
				PRODUCT_NAME = "$(TARGET_NAME)";
				SKIP_INSTALL = YES;
				TARGETED_DEVICE_FAMILY = "1,2";
				VERSIONING_SYSTEM = "apple-generic";
				VERSION_INFO_PREFIX = "";
			};
			name = Release;
		};
		6388BE5B1B4A7C5C00F1D4B9 /* Debug */ = {
			isa = XCBuildConfiguration;
			buildSettings = {
				FRAMEWORK_SEARCH_PATHS = (
					"$(SDKROOT)/Developer/Library/Frameworks",
					"$(inherited)",
				);
				GCC_PREPROCESSOR_DEFINITIONS = (
					"DEBUG=1",
					"$(inherited)",
				);
				INFOPLIST_FILE = PonyChatUITests/Info.plist;
				LD_RUNPATH_SEARCH_PATHS = "$(inherited) @executable_path/Frameworks @loader_path/Frameworks";
				PRODUCT_NAME = "$(TARGET_NAME)";
				TEST_HOST = "$(BUILT_PRODUCTS_DIR)/PonyChatUIV2.app/PonyChatUIV2";
			};
			name = Debug;
		};
		6388BE5C1B4A7C5C00F1D4B9 /* Release */ = {
			isa = XCBuildConfiguration;
			buildSettings = {
				FRAMEWORK_SEARCH_PATHS = (
					"$(SDKROOT)/Developer/Library/Frameworks",
					"$(inherited)",
				);
				INFOPLIST_FILE = PonyChatUITests/Info.plist;
				LD_RUNPATH_SEARCH_PATHS = "$(inherited) @executable_path/Frameworks @loader_path/Frameworks";
				PRODUCT_NAME = "$(TARGET_NAME)";
				TEST_HOST = "$(BUILT_PRODUCTS_DIR)/PonyChatUIV2.app/PonyChatUIV2";
			};
			name = Release;
		};
/* End XCBuildConfiguration section */

/* Begin XCConfigurationList section */
		6388BDBA1B4A7A3300F1D4B9 /* Build configuration list for PBXProject "PonyChatUIV2" */ = {
			isa = XCConfigurationList;
			buildConfigurations = (
				6388BDE01B4A7A3300F1D4B9 /* Debug */,
				6388BDE11B4A7A3300F1D4B9 /* Release */,
			);
			defaultConfigurationIsVisible = 0;
			defaultConfigurationName = Release;
		};
		6388BDE21B4A7A3300F1D4B9 /* Build configuration list for PBXNativeTarget "PonyChatUIV2" */ = {
			isa = XCConfigurationList;
			buildConfigurations = (
				6388BDE31B4A7A3300F1D4B9 /* Debug */,
				6388BDE41B4A7A3300F1D4B9 /* Release */,
			);
			defaultConfigurationIsVisible = 0;
			defaultConfigurationName = Release;
		};
		6388BDE51B4A7A3300F1D4B9 /* Build configuration list for PBXNativeTarget "PonyChatUIV2Tests" */ = {
			isa = XCConfigurationList;
			buildConfigurations = (
				6388BDE61B4A7A3300F1D4B9 /* Debug */,
				6388BDE71B4A7A3300F1D4B9 /* Release */,
			);
			defaultConfigurationIsVisible = 0;
			defaultConfigurationName = Release;
		};
		6388BE571B4A7C5C00F1D4B9 /* Build configuration list for PBXNativeTarget "PonyChatUI" */ = {
			isa = XCConfigurationList;
			buildConfigurations = (
				6388BE581B4A7C5C00F1D4B9 /* Debug */,
				6388BE591B4A7C5C00F1D4B9 /* Release */,
			);
			defaultConfigurationIsVisible = 0;
			defaultConfigurationName = Release;
		};
		6388BE5A1B4A7C5C00F1D4B9 /* Build configuration list for PBXNativeTarget "PonyChatUITests" */ = {
			isa = XCConfigurationList;
			buildConfigurations = (
				6388BE5B1B4A7C5C00F1D4B9 /* Debug */,
				6388BE5C1B4A7C5C00F1D4B9 /* Release */,
			);
			defaultConfigurationIsVisible = 0;
			defaultConfigurationName = Release;
		};
/* End XCConfigurationList section */
	};
	rootObject = 6388BDB71B4A7A3300F1D4B9 /* Project object */;
}
